# This file was autogenerated by Stack.
# You should not edit this file by hand.
# For more information, please see the documentation at:
#   https://docs.haskellstack.org/en/stable/lock_files

packages: []
snapshots:
- completed:
    size: 495191
    url: https://raw.githubusercontent.com/commercialhaskell/stackage-snapshots/master/lts/13/5.yaml
    sha256: 9aa96e7a2183db5bd50fc78c463b9738b73b036818cfb4106b82c62e652b7fcf
  original: lts-13.5
